
Microsoft Visual Studio Solution File, Format Version 12.00
# Visual Studio Version 17
VisualStudioVersion = 17.11.35327.3
MinimumVisualStudioVersion = 10.0.40219.1
Project("{FAE04EC0-301F-11D3-BF4B-00C04F79EFBC}") = "InsuranceCodingChallenge", "InsuranceCodingChallenge\InsuranceCodingChallenge.csproj", "{697DEAEE-253B-47D6-A1CB-0B2C89182B56}"
EndProject
Global
	GlobalSection(SolutionConfigurationPlatforms) = preSolution
		Debug|Any CPU = Debug|Any CPU
		Release|Any CPU = Release|Any CPU
	EndGlobalSection
	GlobalSection(ProjectConfigurationPlatforms) = postSolution
		{697DEAEE-253B-47D6-A1CB-0B2C89182B56}.Debug|Any CPU.ActiveCfg = Debug|Any CPU
		{697DEAEE-253B-47D6-A1CB-0B2C89182B56}.Debug|Any CPU.Build.0 = Debug|Any CPU
		{697DEAEE-253B-47D6-A1CB-0B2C89182B56}.Release|Any CPU.ActiveCfg = Release|Any CPU
		{697DEAEE-253B-47D6-A1CB-0B2C89182B56}.Release|Any CPU.Build.0 = Release|Any CPU
	EndGlobalSection
	GlobalSection(SolutionProperties) = preSolution
		HideSolutionNode = FALSE
	EndGlobalSection
	GlobalSection(ExtensibilityGlobals) = postSolution
		SolutionGuid = {C58A55FC-83DE-449F-ACC9-FEF82FDC8428}
	EndGlobalSection
EndGlobal
